// !$*UTF8*$!
{
	archiveVersion = 1;
	classes = {
	};
	objectVersion = 50;
	objects = {

/* Begin PBXBuildFile section */
		176B80D124806D1F006D65C7 /* AppDelegate.swift in Sources */ = {isa = PBXBuildFile; fileRef = 176B80D024806D1F006D65C7 /* AppDelegate.swift */; };
		176B80D324806D1F006D65C7 /* SceneDelegate.swift in Sources */ = {isa = PBXBuildFile; fileRef = 176B80D224806D1F006D65C7 /* SceneDelegate.swift */; };
		176B80D524806D1F006D65C7 /* ViewController.swift in Sources */ = {isa = PBXBuildFile; fileRef = 176B80D424806D1F006D65C7 /* ViewController.swift */; };
		176B80D824806D1F006D65C7 /* Main.storyboard in Resources */ = {isa = PBXBuildFile; fileRef = 176B80D624806D1F006D65C7 /* Main.storyboard */; };
		176B80DA24806D23006D65C7 /* Assets.xcassets in Resources */ = {isa = PBXBuildFile; fileRef = 176B80D924806D23006D65C7 /* Assets.xcassets */; };
		176B80DD24806D23006D65C7 /* LaunchScreen.storyboard in Resources */ = {isa = PBXBuildFile; fileRef = 176B80DB24806D23006D65C7 /* LaunchScreen.storyboard */; };
		176B80E824806D23006D65C7 /* diceeTests.swift in Sources */ = {isa = PBXBuildFile; fileRef = 176B80E724806D23006D65C7 /* diceeTests.swift */; };
		176B80F324806D23006D65C7 /* diceeUITests.swift in Sources */ = {isa = PBXBuildFile; fileRef = 176B80F224806D23006D65C7 /* diceeUITests.swift */; };
/* End PBXBuildFile section */

/* Begin PBXContainerItemProxy section */
		176B80E424806D23006D65C7 /* PBXContainerItemProxy */ = {
			isa = PBXContainerItemProxy;
			containerPortal = 176B80C524806D1F006D65C7 /* Project object */;
			proxyType = 1;
			remoteGlobalIDString = 176B80CC24806D1F006D65C7;
			remoteInfo = dicee;
		};
		176B80EF24806D23006D65C7 /* PBXContainerItemProxy */ = {
			isa = PBXContainerItemProxy;
			containerPortal = 176B80C524806D1F006D65C7 /* Project object */;
			proxyType = 1;
			remoteGlobalIDString = 176B80CC24806D1F006D65C7;
			remoteInfo = dicee;
		};
/* End PBXContainerItemProxy section */

/* Begin PBXFileReference section */
		176B80CD24806D1F006D65C7 /* dicee.app */ = {isa = PBXFileReference; explicitFileType = wrapper.application; includeInIndex = 0; path = dicee.app; sourceTree = BUILT_PRODUCTS_DIR; };
		176B80D024806D1F006D65C7 /* AppDelegate.swift */ = {isa = PBXFileReference; lastKnownFileType = sourcecode.swift; path = AppDelegate.swift; sourceTree = "<group>"; };
		176B80D224806D1F006D65C7 /* SceneDelegate.swift */ = {isa = PBXFileReference; lastKnownFileType = sourcecode.swift; path = SceneDelegate.swift; sourceTree = "<group>"; };
		176B80D424806D1F006D65C7 /* ViewController.swift */ = {isa = PBXFileReference; lastKnownFileType = sourcecode.swift; path = ViewController.swift; sourceTree = "<group>"; };
		176B80D724806D1F006D65C7 /* Base */ = {isa = PBXFileReference; lastKnownFileType = file.storyboard; name = Base; path = Base.lproj/Main.storyboard; sourceTree = "<group>"; };
		176B80D924806D23006D65C7 /* Assets.xcassets */ = {isa = PBXFileReference; lastKnownFileType = folder.assetcatalog; path = Assets.xcassets; sourceTree = "<group>"; };
		176B80DC24806D23006D65C7 /* Base */ = {isa = PBXFileReference; lastKnownFileType = file.storyboard; name = Base; path = Base.lproj/LaunchScreen.storyboard; sourceTree = "<group>"; };
		176B80DE24806D23006D65C7 /* Info.plist */ = {isa = PBXFileReference; lastKnownFileType = text.plist.xml; path = Info.plist; sourceTree = "<group>"; };
		176B80E324806D23006D65C7 /* diceeTests.xctest */ = {isa = PBXFileReference; explicitFileType = wrapper.cfbundle; includeInIndex = 0; path = diceeTests.xctest; sourceTree = BUILT_PRODUCTS_DIR; };
		176B80E724806D23006D65C7 /* diceeTests.swift */ = {isa = PBXFileReference; lastKnownFileType = sourcecode.swift; path = diceeTests.swift; sourceTree = "<group>"; };
		176B80E924806D23006D65C7 /* Info.plist */ = {isa = PBXFileReference; lastKnownFileType = text.plist.xml; path = Info.plist; sourceTree = "<group>"; };
		176B80EE24806D23006D65C7 /* diceeUITests.xctest */ = {isa = PBXFileReference; explicitFileType = wrapper.cfbundle; includeInIndex = 0; path = diceeUITests.xctest; sourceTree = BUILT_PRODUCTS_DIR; };
		176B80F224806D23006D65C7 /* diceeUITests.swift */ = {isa = PBXFileReference; lastKnownFileType = sourcecode.swift; path = diceeUITests.swift; sourceTree = "<group>"; };
		176B80F424806D23006D65C7 /* Info.plist */ = {isa = PBXFileReference; lastKnownFileType = text.plist.xml; path = Info.plist; sourceTree = "<group>"; };
/* End PBXFileReference section */

/* Begin PBXFrameworksBuildPhase section */
		176B80CA24806D1F006D65C7 /* Frameworks */ = {
			isa = PBXFrameworksBuildPhase;
			buildActionMask = 2147483647;
			files = (
			);
			runOnlyForDeploymentPostprocessing = 0;
		};
		176B80E024806D23006D65C7 /* Frameworks */ = {
			isa = PBXFrameworksBuildPhase;
			buildActionMask = 2147483647;
			files = (
			);
			runOnlyForDeploymentPostprocessing = 0;
		};
		176B80EB24806D23006D65C7 /* Frameworks */ = {
			isa = PBXFrameworksBuildPhase;
			buildActionMask = 2147483647;
			files = (
			);
			runOnlyForDeploymentPostprocessing = 0;
		};
/* End PBXFrameworksBuildPhase section */

/* Begin PBXGroup section */
		176B80C424806D1F006D65C7 = {
			isa = PBXGroup;
			children = (
				176B80CF24806D1F006D65C7 /* dicee */,
				176B80E624806D23006D65C7 /* diceeTests */,
				176B80F124806D23006D65C7 /* diceeUITests */,
				176B80CE24806D1F006D65C7 /* Products */,
			);
			sourceTree = "<group>";
		};
		176B80CE24806D1F006D65C7 /* Products */ = {
			isa = PBXGroup;
			children = (
				176B80CD24806D1F006D65C7 /* dicee.app */,
				176B80E324806D23006D65C7 /* diceeTests.xctest */,
				176B80EE24806D23006D65C7 /* diceeUITests.xctest */,
			);
			name = Products;
			sourceTree = "<group>";
		};
		176B80CF24806D1F006D65C7 /* dicee */ = {
			isa = PBXGroup;
			children = (
				176B80D024806D1F006D65C7 /* AppDelegate.swift */,
				176B80D224806D1F006D65C7 /* SceneDelegate.swift */,
				176B80D424806D1F006D65C7 /* ViewController.swift */,
				176B80D624806D1F006D65C7 /* Main.storyboard */,
				176B80D924806D23006D65C7 /* Assets.xcassets */,
				176B80DB24806D23006D65C7 /* LaunchScreen.storyboard */,
				176B80DE24806D23006D65C7 /* Info.plist */,
			);
			path = dicee;
			sourceTree = "<group>";
		};
		176B80E624806D23006D65C7 /* diceeTests */ = {
			isa = PBXGroup;
			children = (
				176B80E724806D23006D65C7 /* diceeTests.swift */,
				176B80E924806D23006D65C7 /* Info.plist */,
			);
			path = diceeTests;
			sourceTree = "<group>";
		};
		176B80F124806D23006D65C7 /* diceeUITests */ = {
			isa = PBXGroup;
			children = (
				176B80F224806D23006D65C7 /* diceeUITests.swift */,
				176B80F424806D23006D65C7 /* Info.plist */,
			);
			path = diceeUITests;
			sourceTree = "<group>";
		};
/* End PBXGroup section */

/* Begin PBXNativeTarget section */
		176B80CC24806D1F006D65C7 /* dicee */ = {
			isa = PBXNativeTarget;
			buildConfigurationList = 176B80F724806D23006D65C7 /* Build configuration list for PBXNativeTarget "dicee" */;
			buildPhases = (
				176B80C924806D1F006D65C7 /* Sources */,
				176B80CA24806D1F006D65C7 /* Frameworks */,
				176B80CB24806D1F006D65C7 /* Resources */,
			);
			buildRules = (
			);
			dependencies = (
			);
			name = dicee;
			productName = dicee;
			productReference = 176B80CD24806D1F006D65C7 /* dicee.app */;
			productType = "com.apple.product-type.application";
		};
		176B80E224806D23006D65C7 /* diceeTests */ = {
			isa = PBXNativeTarget;
			buildConfigurationList = 176B80FA24806D24006D65C7 /* Build configuration list for PBXNativeTarget "diceeTests" */;
			buildPhases = (
				176B80DF24806D23006D65C7 /* Sources */,
				176B80E024806D23006D65C7 /* Frameworks */,
				176B80E124806D23006D65C7 /* Resources */,
			);
			buildRules = (
			);
			dependencies = (
				176B80E524806D23006D65C7 /* PBXTargetDependency */,
			);
			name = diceeTests;
			productName = diceeTests;
			productReference = 176B80E324806D23006D65C7 /* diceeTests.xctest */;
			productType = "com.apple.product-type.bundle.unit-test";
		};
		176B80ED24806D23006D65C7 /* diceeUITests */ = {
			isa = PBXNativeTarget;
			buildConfigurationList = 176B80FD24806D24006D65C7 /* Build configuration list for PBXNativeTarget "diceeUITests" */;
			buildPhases = (
				176B80EA24806D23006D65C7 /* Sources */,
				176B80EB24806D23006D65C7 /* Frameworks */,
				176B80EC24806D23006D65C7 /* Resources */,
			);
			buildRules = (
			);
			dependencies = (
				176B80F024806D23006D65C7 /* PBXTargetDependency */,
			);
			name = diceeUITests;
			productName = diceeUITests;
			productReference = 176B80EE24806D23006D65C7 /* diceeUITests.xctest */;
			productType = "com.apple.product-type.bundle.ui-testing";
		};
/* End PBXNativeTarget section */

/* Begin PBXProject section */
		176B80C524806D1F006D65C7 /* Project object */ = {
			isa = PBXProject;
			attributes = {
				LastSwiftUpdateCheck = 1130;
				LastUpgradeCheck = 1130;
				ORGANIZATIONNAME = "Ari Bambang Kurniawan";
				TargetAttributes = {
					176B80CC24806D1F006D65C7 = {
						CreatedOnToolsVersion = 11.3.1;
					};
					176B80E224806D23006D65C7 = {
						CreatedOnToolsVersion = 11.3.1;
						TestTargetID = 176B80CC24806D1F006D65C7;
					};
					176B80ED24806D23006D65C7 = {
						CreatedOnToolsVersion = 11.3.1;
						TestTargetID = 176B80CC24806D1F006D65C7;
					};
				};
			};
			buildConfigurationList = 176B80C824806D1F006D65C7 /* Build configuration list for PBXProject "dicee" */;
			compatibilityVersion = "Xcode 9.3";
			developmentRegion = en;
			hasScannedForEncodings = 0;
			knownRegions = (
				en,
				Base,
			);
			mainGroup = 176B80C424806D1F006D65C7;
			productRefGroup = 176B80CE24806D1F006D65C7 /* Products */;
			projectDirPath = "";
			projectRoot = "";
			targets = (
				176B80CC24806D1F006D65C7 /* dicee */,
				176B80E224806D23006D65C7 /* diceeTests */,
				176B80ED24806D23006D65C7 /* diceeUITests */,
			);
		};
/* End PBXProject section */

/* Begin PBXResourcesBuildPhase section */
		176B80CB24806D1F006D65C7 /* Resources */ = {
			isa = PBXResourcesBuildPhase;
			buildActionMask = 2147483647;
			files = (
				176B80DD24806D23006D65C7 /* LaunchScreen.storyboard in Resources */,
				176B80DA24806D23006D65C7 /* Assets.xcassets in Resources */,
				176B80D824806D1F006D65C7 /* Main.storyboard in Resources */,
			);
			runOnlyForDeploymentPostprocessing = 0;
		};
		176B80E124806D23006D65C7 /* Resources */ = {
			isa = PBXResourcesBuildPhase;
			buildActionMask = 2147483647;
			files = (
			);
			runOnlyForDeploymentPostprocessing = 0;
		};
		176B80EC24806D23006D65C7 /* Resources */ = {
			isa = PBXResourcesBuildPhase;
			buildActionMask = 2147483647;
			files = (
			);
			runOnlyForDeploymentPostprocessing = 0;
		};
/* End PBXResourcesBuildPhase section */

/* Begin PBXSourcesBuildPhase section */
		176B80C924806D1F006D65C7 /* Sources */ = {
			isa = PBXSourcesBuildPhase;
			buildActionMask = 2147483647;
			files = (
				176B80D524806D1F006D65C7 /* ViewController.swift in Sources */,
				176B80D124806D1F006D65C7 /* AppDelegate.swift in Sources */,
				176B80D324806D1F006D65C7 /* SceneDelegate.swift in Sources */,
			);
			runOnlyForDeploymentPostprocessing = 0;
		};
		176B80DF24806D23006D65C7 /* Sources */ = {
			isa = PBXSourcesBuildPhase;
			buildActionMask = 2147483647;
			files = (
				176B80E824806D23006D65C7 /* diceeTests.swift in Sources */,
			);
			runOnlyForDeploymentPostprocessing = 0;
		};
		176B80EA24806D23006D65C7 /* Sources */ = {
			isa = PBXSourcesBuildPhase;
			buildActionMask = 2147483647;
			files = (
				176B80F324806D23006D65C7 /* diceeUITests.swift in Sources */,
			);
			runOnlyForDeploymentPostprocessing = 0;
		};
/* End PBXSourcesBuildPhase section */

/* Begin PBXTargetDependency section */
		176B80E524806D23006D65C7 /* PBXTargetDependency */ = {
			isa = PBXTargetDependency;
			target = 176B80CC24806D1F006D65C7 /* dicee */;
			targetProxy = 176B80E424806D23006D65C7 /* PBXContainerItemProxy */;
		};
		176B80F024806D23006D65C7 /* PBXTargetDependency */ = {
			isa = PBXTargetDependency;
			target = 176B80CC24806D1F006D65C7 /* dicee */;
			targetProxy = 176B80EF24806D23006D65C7 /* PBXContainerItemProxy */;
		};
/* End PBXTargetDependency section */

/* Begin PBXVariantGroup section */
		176B80D624806D1F006D65C7 /* Main.storyboard */ = {
			isa = PBXVariantGroup;
			children = (
				176B80D724806D1F006D65C7 /* Base */,
			);
			name = Main.storyboard;
			sourceTree = "<group>";
		};
		176B80DB24806D23006D65C7 /* LaunchScreen.storyboard */ = {
			isa = PBXVariantGroup;
			children = (
				176B80DC24806D23006D65C7 /* Base */,
			);
			name = LaunchScreen.storyboard;
			sourceTree = "<group>";
		};
/* End PBXVariantGroup section */

/* Begin XCBuildConfiguration section */
		176B80F524806D23006D65C7 /* Debug */ = {
			isa = XCBuildConfiguration;
			buildSettings = {
				ALWAYS_SEARCH_USER_PATHS = NO;
				CLANG_ANALYZER_NONNULL = YES;
				CLANG_ANALYZER_NUMBER_OBJECT_CONVERSION = YES_AGGRESSIVE;
				CLANG_CXX_LANGUAGE_STANDARD = "gnu++14";
				CLANG_CXX_LIBRARY = "libc++";
				CLANG_ENABLE_MODULES = YES;
				CLANG_ENABLE_OBJC_ARC = YES;
				CLANG_ENABLE_OBJC_WEAK = YES;
				CLANG_WARN_BLOCK_CAPTURE_AUTORELEASING = YES;
				CLANG_WARN_BOOL_CONVERSION = YES;
				CLANG_WARN_COMMA = YES;
				CLANG_WARN_CONSTANT_CONVERSION = YES;
				CLANG_WARN_DEPRECATED_OBJC_IMPLEMENTATIONS = YES;
				CLANG_WARN_DIRECT_OBJC_ISA_USAGE = YES_ERROR;
				CLANG_WARN_DOCUMENTATION_COMMENTS = YES;
				CLANG_WARN_EMPTY_BODY = YES;
				CLANG_WARN_ENUM_CONVERSION = YES;
				CLANG_WARN_INFINITE_RECURSION = YES;
				CLANG_WARN_INT_CONVERSION = YES;
				CLANG_WARN_NON_LITERAL_NULL_CONVERSION = YES;
				CLANG_WARN_OBJC_IMPLICIT_RETAIN_SELF = YES;
				CLANG_WARN_OBJC_LITERAL_CONVERSION = YES;
				CLANG_WARN_OBJC_ROOT_CLASS = YES_ERROR;
				CLANG_WARN_RANGE_LOOP_ANALYSIS = YES;
				CLANG_WARN_STRICT_PROTOTYPES = YES;
				CLANG_WARN_SUSPICIOUS_MOVE = YES;
				CLANG_WARN_UNGUARDED_AVAILABILITY = YES_AGGRESSIVE;
				CLANG_WARN_UNREACHABLE_CODE = YES;
				CLANG_WARN__DUPLICATE_METHOD_MATCH = YES;
				COPY_PHASE_STRIP = NO;
				DEBUG_INFORMATION_FORMAT = dwarf;
				ENABLE_STRICT_OBJC_MSGSEND = YES;
				ENABLE_TESTABILITY = YES;
				GCC_C_LANGUAGE_STANDARD = gnu11;
				GCC_DYNAMIC_NO_PIC = NO;
				GCC_NO_COMMON_BLOCKS = YES;
				GCC_OPTIMIZATION_LEVEL = 0;
				GCC_PREPROCESSOR_DEFINITIONS = (
					"DEBUG=1",
					"$(inherited)",
				);
				GCC_WARN_64_TO_32_BIT_CONVERSION = YES;
				GCC_WARN_ABOUT_RETURN_TYPE = YES_ERROR;
				GCC_WARN_UNDECLARED_SELECTOR = YES;
				GCC_WARN_UNINITIALIZED_AUTOS = YES_AGGRESSIVE;
				GCC_WARN_UNUSED_FUNCTION = YES;
				GCC_WARN_UNUSED_VARIABLE = YES;
				IPHONEOS_DEPLOYMENT_TARGET = 13.2;
				MTL_ENABLE_DEBUG_INFO = INCLUDE_SOURCE;
				MTL_FAST_MATH = YES;
				ONLY_ACTIVE_ARCH = YES;
				SDKROOT = iphoneos;
				SWIFT_ACTIVE_COMPILATION_CONDITIONS = DEBUG;
				SWIFT_OPTIMIZATION_LEVEL = "-Onone";
			};
			name = Debug;
		};
		176B80F624806D23006D65C7 /* Release */ = {
			isa = XCBuildConfiguration;
			buildSettings = {
				ALWAYS_SEARCH_USER_PATHS = NO;
				CLANG_ANALYZER_NONNULL = YES;
				CLANG_ANALYZER_NUMBER_OBJECT_CONVERSION = YES_AGGRESSIVE;
				CLANG_CXX_LANGUAGE_STANDARD = "gnu++14";
				CLANG_CXX_LIBRARY = "libc++";
				CLANG_ENABLE_MODULES = YES;
				CLANG_ENABLE_OBJC_ARC = YES;
				CLANG_ENABLE_OBJC_WEAK = YES;
				CLANG_WARN_BLOCK_CAPTURE_AUTORELEASING = YES;
				CLANG_WARN_BOOL_CONVERSION = YES;
				CLANG_WARN_COMMA = YES;
				CLANG_WARN_CONSTANT_CONVERSION = YES;
				CLANG_WARN_DEPRECATED_OBJC_IMPLEMENTATIONS = YES;
				CLANG_WARN_DIRECT_OBJC_ISA_USAGE = YES_ERROR;
				CLANG_WARN_DOCUMENTATION_COMMENTS = YES;
				CLANG_WARN_EMPTY_BODY = YES;
				CLANG_WARN_ENUM_CONVERSION = YES;
				CLANG_WARN_INFINITE_RECURSION = YES;
				CLANG_WARN_INT_CONVERSION = YES;
				CLANG_WARN_NON_LITERAL_NULL_CONVERSION = YES;
				CLANG_WARN_OBJC_IMPLICIT_RETAIN_SELF = YES;
				CLANG_WARN_OBJC_LITERAL_CONVERSION = YES;
				CLANG_WARN_OBJC_ROOT_CLASS = YES_ERROR;
				CLANG_WARN_RANGE_LOOP_ANALYSIS = YES;
				CLANG_WARN_STRICT_PROTOTYPES = YES;
				CLANG_WARN_SUSPICIOUS_MOVE = YES;
				CLANG_WARN_UNGUARDED_AVAILABILITY = YES_AGGRESSIVE;
				CLANG_WARN_UNREACHABLE_CODE = YES;
				CLANG_WARN__DUPLICATE_METHOD_MATCH = YES;
				COPY_PHASE_STRIP = NO;
				DEBUG_INFORMATION_FORMAT = "dwarf-with-dsym";
				ENABLE_NS_ASSERTIONS = NO;
				ENABLE_STRICT_OBJC_MSGSEND = YES;
				GCC_C_LANGUAGE_STANDARD = gnu11;
				GCC_NO_COMMON_BLOCKS = YES;
				GCC_WARN_64_TO_32_BIT_CONVERSION = YES;
				GCC_WARN_ABOUT_RETURN_TYPE = YES_ERROR;
				GCC_WARN_UNDECLARED_SELECTOR = YES;
				GCC_WARN_UNINITIALIZED_AUTOS = YES_AGGRESSIVE;
				GCC_WARN_UNUSED_FUNCTION = YES;
				GCC_WARN_UNUSED_VARIABLE = YES;
				IPHONEOS_DEPLOYMENT_TARGET = 13.2;
				MTL_ENABLE_DEBUG_INFO = NO;
				MTL_FAST_MATH = YES;
				SDKROOT = iphoneos;
				SWIFT_COMPILATION_MODE = wholemodule;
				SWIFT_OPTIMIZATION_LEVEL = "-O";
				VALIDATE_PRODUCT = YES;
			};
			name = Release;
		};
		176B80F824806D23006D65C7 /* Debug */ = {
			isa = XCBuildConfiguration;
			buildSettings = {
				ASSETCATALOG_COMPILER_APPICON_NAME = AppIcon;
				CODE_SIGN_STYLE = Automatic;
				DEVELOPMENT_TEAM = 2K983DXQ4A;
				INFOPLIST_FILE = dicee/Info.plist;
				LD_RUNPATH_SEARCH_PATHS = (
					"$(inherited)",
					"@executable_path/Frameworks",
				);
				PRODUCT_BUNDLE_IDENTIFIER = com.kopicoding.dicee;
				PRODUCT_NAME = "$(TARGET_NAME)";
				SWIFT_VERSION = 5.0;
				TARGETED_DEVICE_FAMILY = "1,2";
			};
			name = Debug;
		};
		176B80F924806D24006D65C7 /* Release */ = {
			isa = XCBuildConfiguration;
			buildSettings = {
				ASSETCATALOG_COMPILER_APPICON_NAME = AppIcon;
				CODE_SIGN_STYLE = Automatic;
				DEVELOPMENT_TEAM = 2K983DXQ4A;
				INFOPLIST_FILE = dicee/Info.plist;
				LD_RUNPATH_SEARCH_PATHS = (
					"$(inherited)",
					"@executable_path/Frameworks",
				);
				PRODUCT_BUNDLE_IDENTIFIER = com.kopicoding.dicee;
				PRODUCT_NAME = "$(TARGET_NAME)";
				SWIFT_VERSION = 5.0;
				TARGETED_DEVICE_FAMILY = "1,2";
			};
			name = Release;
		};
		176B80FB24806D24006D65C7 /* Debug */ = {
			isa = XCBuildConfiguration;
			buildSettings = {
				ALWAYS_EMBED_SWIFT_STANDARD_LIBRARIES = YES;
				BUNDLE_LOADER = "$(TEST_HOST)";
				CODE_SIGN_STYLE = Automatic;
				DEVELOPMENT_TEAM = 2K983DXQ4A;
				INFOPLIST_FILE = diceeTests/Info.plist;
				IPHONEOS_DEPLOYMENT_TARGET = 13.2;
				LD_RUNPATH_SEARCH_PATHS = (
					"$(inherited)",
					"@executable_path/Frameworks",
					"@loader_path/Frameworks",
				);
				PRODUCT_BUNDLE_IDENTIFIER = com.kopicoding.diceeTests;
				PRODUCT_NAME = "$(TARGET_NAME)";
				SWIFT_VERSION = 5.0;
				TARGETED_DEVICE_FAMILY = "1,2";
				TEST_HOST = "$(BUILT_PRODUCTS_DIR)/dicee.app/dicee";
			};
			name = Debug;
		};
		176B80FC24806D24006D65C7 /* Release */ = {
			isa = XCBuildConfiguration;
			buildSettings = {
				ALWAYS_EMBED_SWIFT_STANDARD_LIBRARIES = YES;
				BUNDLE_LOADER = "$(TEST_HOST)";
				CODE_SIGN_STYLE = Automatic;
				DEVELOPMENT_TEAM = 2K983DXQ4A;
				INFOPLIST_FILE = diceeTests/Info.plist;
				IPHONEOS_DEPLOYMENT_TARGET = 13.2;
				LD_RUNPATH_SEARCH_PATHS = (
					"$(inherited)",
					"@executable_path/Frameworks",
					"@loader_path/Frameworks",
				);
				PRODUCT_BUNDLE_IDENTIFIER = com.kopicoding.diceeTests;
				PRODUCT_NAME = "$(TARGET_NAME)";
				SWIFT_VERSION = 5.0;
				TARGETED_DEVICE_FAMILY = "1,2";
				TEST_HOST = "$(BUILT_PRODUCTS_DIR)/dicee.app/dicee";
			};
			name = Release;
		};
		176B80FE24806D24006D65C7 /* Debug */ = {
			isa = XCBuildConfiguration;
			buildSettings = {
				ALWAYS_EMBED_SWIFT_STANDARD_LIBRARIES = YES;
				CODE_SIGN_STYLE = Automatic;
				DEVELOPMENT_TEAM = 2K983DXQ4A;
				INFOPLIST_FILE = diceeUITests/Info.plist;
				LD_RUNPATH_SEARCH_PATHS = (
					"$(inherited)",
					"@executable_path/Frameworks",
					"@loader_path/Frameworks",
				);
				PRODUCT_BUNDLE_IDENTIFIER = com.kopicoding.diceeUITests;
				PRODUCT_NAME = "$(TARGET_NAME)";
				SWIFT_VERSION = 5.0;
				TARGETED_DEVICE_FAMILY = "1,2";
				TEST_TARGET_NAME = dicee;
			};
			name = Debug;
		};
		176B80FF24806D24006D65C7 /* Release */ = {
			isa = XCBuildConfiguration;
			buildSettings = {
				ALWAYS_EMBED_SWIFT_STANDARD_LIBRARIES = YES;
				CODE_SIGN_STYLE = Automatic;
				DEVELOPMENT_TEAM = 2K983DXQ4A;
				INFOPLIST_FILE = diceeUITests/Info.plist;
				LD_RUNPATH_SEARCH_PATHS = (
					"$(inherited)",
					"@executable_path/Frameworks",
					"@loader_path/Frameworks",
				);
				PRODUCT_BUNDLE_IDENTIFIER = com.kopicoding.diceeUITests;
				PRODUCT_NAME = "$(TARGET_NAME)";
				SWIFT_VERSION = 5.0;
				TARGETED_DEVICE_FAMILY = "1,2";
				TEST_TARGET_NAME = dicee;
			};
			name = Release;
		};
/* End XCBuildConfiguration section */

/* Begin XCConfigurationList section */
		176B80C824806D1F006D65C7 /* Build configuration list for PBXProject "dicee" */ = {
			isa = XCConfigurationList;
			buildConfigurations = (
				176B80F524806D23006D65C7 /* Debug */,
				176B80F624806D23006D65C7 /* Release */,
			);
			defaultConfigurationIsVisible = 0;
			defaultConfigurationName = Release;
		};
		176B80F724806D23006D65C7 /* Build configuration list for PBXNativeTarget "dicee" */ = {
			isa = XCConfigurationList;
			buildConfigurations = (
				176B80F824806D23006D65C7 /* Debug */,
				176B80F924806D24006D65C7 /* Release */,
			);
			defaultConfigurationIsVisible = 0;
			defaultConfigurationName = Release;
		};
		176B80FA24806D24006D65C7 /* Build configuration list for PBXNativeTarget "diceeTests" */ = {
			isa = XCConfigurationList;
			buildConfigurations = (
				176B80FB24806D24006D65C7 /* Debug */,
				176B80FC24806D24006D65C7 /* Release */,
			);
			defaultConfigurationIsVisible = 0;
			defaultConfigurationName = Release;
		};
		176B80FD24806D24006D65C7 /* Build configuration list for PBXNativeTarget "diceeUITests" */ = {
			isa = XCConfigurationList;
			buildConfigurations = (
				176B80FE24806D24006D65C7 /* Debug */,
				176B80FF24806D24006D65C7 /* Release */,
			);
			defaultConfigurationIsVisible = 0;
			defaultConfigurationName = Release;
		};
/* End XCConfigurationList section */
	};
	rootObject = 176B80C524806D1F006D65C7 /* Project object */;
}
